{
  "object": {
    "pins": [
      {
        "package": "SpaceXAPI",
        "repositoryURL": "https://github.com/RocketFanOrg/spacex-api",
        "state": {
          "branch": "main",
          "revision": "3dfc29676f45fd434c55b7737970bbade7af7bad",
          "version": null
        }
      }
    ]
  },
  "version": 1
}
