{
  "object": {
    "pins": [
      {
        "package": "Kingfisher",
        "repositoryURL": "https://github.com/onevcat/Kingfisher.git",
        "state": {
          "branch": null,
          "revision": "81dd1ce8401137637663046c7314e7c885bcc56d",
          "version": "6.1.1"
        }
      },
      {
        "package": "SpaceXAPI",
        "repositoryURL": "https://github.com/RocketFanOrg/spacex-api",
        "state": {
          "branch": "main",
          "revision": "3dfc29676f45fd434c55b7737970bbade7af7bad",
          "version": null
        }
      }
    ]
  },
  "version": 1
}
